
Microsoft Visual Studio Solution File, Format Version 12.00
Project("{FAE04EC0-301F-11D3-BF4B-00C04F79EFBC}") = "NLox", "NLox\NLox.csproj", "{B08B7EFD-F61B-469B-8692-13917BE387E2}"
EndProject
Project("{FAE04EC0-301F-11D3-BF4B-00C04F79EFBC}") = "NLox.Tests", "NLox.Tests\NLox.Tests.csproj", "{3A4F12FE-A597-490F-A132-309EC2E3DD08}"
EndProject
Global
	GlobalSection(SolutionConfigurationPlatforms) = preSolution
		Debug|Any CPU = Debug|Any CPU
		Release|Any CPU = Release|Any CPU
	EndGlobalSection
	GlobalSection(ProjectConfigurationPlatforms) = postSolution
		{B08B7EFD-F61B-469B-8692-13917BE387E2}.Debug|Any CPU.ActiveCfg = Debug|Any CPU
		{B08B7EFD-F61B-469B-8692-13917BE387E2}.Debug|Any CPU.Build.0 = Debug|Any CPU
		{B08B7EFD-F61B-469B-8692-13917BE387E2}.Release|Any CPU.ActiveCfg = Release|Any CPU
		{B08B7EFD-F61B-469B-8692-13917BE387E2}.Release|Any CPU.Build.0 = Release|Any CPU
		{3A4F12FE-A597-490F-A132-309EC2E3DD08}.Debug|Any CPU.ActiveCfg = Debug|Any CPU
		{3A4F12FE-A597-490F-A132-309EC2E3DD08}.Debug|Any CPU.Build.0 = Debug|Any CPU
		{3A4F12FE-A597-490F-A132-309EC2E3DD08}.Release|Any CPU.ActiveCfg = Release|Any CPU
		{3A4F12FE-A597-490F-A132-309EC2E3DD08}.Release|Any CPU.Build.0 = Release|Any CPU
	EndGlobalSection
EndGlobal
